
Microsoft Visual Studio Solution File, Format Version 12.00
# Visual Studio Version 16
VisualStudioVersion = 16.0.29613.14
MinimumVisualStudioVersion = 10.0.40219.1
Project("{FAE04EC0-301F-11D3-BF4B-00C04F79EFBC}") = "StatsStandardDev", "StatsStandardDev\StatsStandardDev.csproj", "{6DFE666D-4DD3-4763-B4EF-7C721DC8B4AA}"
EndProject
Project("{9A19103F-16F7-4668-BE54-9A1E7A4F7556}") = "StatsOperations", "..\StatsOperations\StatsOperations\StatsOperations.csproj", "{FCB43FD4-7440-4A89-A4CF-98900D972AB5}"
EndProject
Global
	GlobalSection(SolutionConfigurationPlatforms) = preSolution
		Debug|Any CPU = Debug|Any CPU
		Release|Any CPU = Release|Any CPU
	EndGlobalSection
	GlobalSection(ProjectConfigurationPlatforms) = postSolution
		{6DFE666D-4DD3-4763-B4EF-7C721DC8B4AA}.Debug|Any CPU.ActiveCfg = Debug|Any CPU
		{6DFE666D-4DD3-4763-B4EF-7C721DC8B4AA}.Debug|Any CPU.Build.0 = Debug|Any CPU
		{6DFE666D-4DD3-4763-B4EF-7C721DC8B4AA}.Release|Any CPU.ActiveCfg = Release|Any CPU
		{6DFE666D-4DD3-4763-B4EF-7C721DC8B4AA}.Release|Any CPU.Build.0 = Release|Any CPU
		{FCB43FD4-7440-4A89-A4CF-98900D972AB5}.Debug|Any CPU.ActiveCfg = Debug|Any CPU
		{FCB43FD4-7440-4A89-A4CF-98900D972AB5}.Debug|Any CPU.Build.0 = Debug|Any CPU
		{FCB43FD4-7440-4A89-A4CF-98900D972AB5}.Release|Any CPU.ActiveCfg = Release|Any CPU
		{FCB43FD4-7440-4A89-A4CF-98900D972AB5}.Release|Any CPU.Build.0 = Release|Any CPU
	EndGlobalSection
	GlobalSection(SolutionProperties) = preSolution
		HideSolutionNode = FALSE
	EndGlobalSection
	GlobalSection(ExtensibilityGlobals) = postSolution
		SolutionGuid = {B77B508F-1549-4F4A-AC9D-F6CE9BE7D5B9}
	EndGlobalSection
EndGlobal
